// !$*UTF8*$!
{
	archiveVersion = 1;
	classes = {
	};
	objectVersion = 56;
	objects = {

/* Begin PBXBuildFile section */
		359C70A72C6E172B000FC8EF /* NewConversationViewModel.swift in Sources */ = {isa = PBXBuildFile; fileRef = 359C70A62C6E172B000FC8EF /* NewConversationViewModel.swift */; };
		359C70A92C6E19CB000FC8EF /* DatabaseError.swift in Sources */ = {isa = PBXBuildFile; fileRef = 359C70A82C6E19CB000FC8EF /* DatabaseError.swift */; };
		35BD7BE82C5A05B300BE767F /* AppDelegate.swift in Sources */ = {isa = PBXBuildFile; fileRef = 35BD7BE72C5A05B300BE767F /* AppDelegate.swift */; };
		35BD7BEA2C5A05B300BE767F /* SceneDelegate.swift in Sources */ = {isa = PBXBuildFile; fileRef = 35BD7BE92C5A05B300BE767F /* SceneDelegate.swift */; };
		35BD7BEC2C5A05B300BE767F /* ConversationsViewController.swift in Sources */ = {isa = PBXBuildFile; fileRef = 35BD7BEB2C5A05B300BE767F /* ConversationsViewController.swift */; };
		35BD7BEF2C5A05B300BE767F /* Main.storyboard in Resources */ = {isa = PBXBuildFile; fileRef = 35BD7BED2C5A05B300BE767F /* Main.storyboard */; };
		35BD7BF12C5A05B500BE767F /* Assets.xcassets in Resources */ = {isa = PBXBuildFile; fileRef = 35BD7BF02C5A05B500BE767F /* Assets.xcassets */; };
		35BD7BF42C5A05B500BE767F /* LaunchScreen.storyboard in Resources */ = {isa = PBXBuildFile; fileRef = 35BD7BF22C5A05B500BE767F /* LaunchScreen.storyboard */; };
		35BD7C042C5A0A9200BE767F /* LoginViewController.swift in Sources */ = {isa = PBXBuildFile; fileRef = 35BD7C032C5A0A9200BE767F /* LoginViewController.swift */; };
		35BD7C092C5A0ABD00BE767F /* RegisterViewController.swift in Sources */ = {isa = PBXBuildFile; fileRef = 35BD7C082C5A0ABD00BE767F /* RegisterViewController.swift */; };
		35BD7C0D2C5A0AE000BE767F /* PhotoViewerViewController.swift in Sources */ = {isa = PBXBuildFile; fileRef = 35BD7C0C2C5A0AE000BE767F /* PhotoViewerViewController.swift */; };
		35BD7C112C5A0AFE00BE767F /* VideoPlayerViewController.swift in Sources */ = {isa = PBXBuildFile; fileRef = 35BD7C102C5A0AFE00BE767F /* VideoPlayerViewController.swift */; };
		35BD7C152C5A0B6C00BE767F /* NewConversationViewController.swift in Sources */ = {isa = PBXBuildFile; fileRef = 35BD7C142C5A0B6C00BE767F /* NewConversationViewController.swift */; };
		35BD7C192C5A0B8600BE767F /* ProfileViewController.swift in Sources */ = {isa = PBXBuildFile; fileRef = 35BD7C182C5A0B8600BE767F /* ProfileViewController.swift */; };
		35BD7C1B2C5A121800BE767F /* Extensions.swift in Sources */ = {isa = PBXBuildFile; fileRef = 35BD7C1A2C5A121800BE767F /* Extensions.swift */; };
		35F438E92C60A7B400366159 /* LoginViewModel.swift in Sources */ = {isa = PBXBuildFile; fileRef = 35F438E82C60A7B400366159 /* LoginViewModel.swift */; };
		35F438EC2C60A85C00366159 /* RegisterViewModel.swift in Sources */ = {isa = PBXBuildFile; fileRef = 35F438EB2C60A85C00366159 /* RegisterViewModel.swift */; };
		35F438EF2C69CD2A00366159 /* DatabaseManager.swift in Sources */ = {isa = PBXBuildFile; fileRef = 35F438EE2C69CD2A00366159 /* DatabaseManager.swift */; };
		35F438F12C69CFAC00366159 /* ChatAppUser.swift in Sources */ = {isa = PBXBuildFile; fileRef = 35F438F02C69CFAC00366159 /* ChatAppUser.swift */; };
		35F438F52C6B14F800366159 /* FacebookAEM in Frameworks */ = {isa = PBXBuildFile; productRef = 35F438F42C6B14F800366159 /* FacebookAEM */; };
		35F438F72C6B14F800366159 /* FacebookBasics in Frameworks */ = {isa = PBXBuildFile; productRef = 35F438F62C6B14F800366159 /* FacebookBasics */; };
		35F438F92C6B14F800366159 /* FacebookCore in Frameworks */ = {isa = PBXBuildFile; productRef = 35F438F82C6B14F800366159 /* FacebookCore */; };
		35F438FB2C6B14F800366159 /* FacebookGamingServices in Frameworks */ = {isa = PBXBuildFile; productRef = 35F438FA2C6B14F800366159 /* FacebookGamingServices */; };
		35F438FD2C6B14F800366159 /* FacebookLogin in Frameworks */ = {isa = PBXBuildFile; productRef = 35F438FC2C6B14F800366159 /* FacebookLogin */; };
		35F438FF2C6B14F800366159 /* FacebookShare in Frameworks */ = {isa = PBXBuildFile; productRef = 35F438FE2C6B14F800366159 /* FacebookShare */; };
		35F439052C6B3C6C00366159 /* GoogleService-Info.plist in Resources */ = {isa = PBXBuildFile; fileRef = 35F439042C6B3C6C00366159 /* GoogleService-Info.plist */; };
		35F439082C6B8A0A00366159 /* ConversationsViewModel.swift in Sources */ = {isa = PBXBuildFile; fileRef = 35F439072C6B8A0A00366159 /* ConversationsViewModel.swift */; };
		35F4390C2C6B8B0700366159 /* ChatViewController.swift in Sources */ = {isa = PBXBuildFile; fileRef = 35F4390B2C6B8B0700366159 /* ChatViewController.swift */; };
		35F4390E2C6C67E400366159 /* Message.swift in Sources */ = {isa = PBXBuildFile; fileRef = 35F4390D2C6C67E400366159 /* Message.swift */; };
		35F439112C6C6FA300366159 /* ChatViewModel.swift in Sources */ = {isa = PBXBuildFile; fileRef = 35F439102C6C6FA300366159 /* ChatViewModel.swift */; };
		35F439132C6C77F900366159 /* StorageManager.swift in Sources */ = {isa = PBXBuildFile; fileRef = 35F439122C6C77F900366159 /* StorageManager.swift */; };
		35F439162C6C79D900366159 /* StorageError.swift in Sources */ = {isa = PBXBuildFile; fileRef = 35F439152C6C79D900366159 /* StorageError.swift */; };
		35F495BA2C6DED5F0003A972 /* ProfileViewModel.swift in Sources */ = {isa = PBXBuildFile; fileRef = 35F495B92C6DED5F0003A972 /* ProfileViewModel.swift */; };
		EB412EF796224AE93569AB8D /* Pods_Firebase_Chat_App.framework in Frameworks */ = {isa = PBXBuildFile; fileRef = B76EAAF520FD54A3FBC3E528 /* Pods_Firebase_Chat_App.framework */; };
/* End PBXBuildFile section */

/* Begin PBXFileReference section */
		359C70A62C6E172B000FC8EF /* NewConversationViewModel.swift */ = {isa = PBXFileReference; lastKnownFileType = sourcecode.swift; path = NewConversationViewModel.swift; sourceTree = "<group>"; };
		359C70A82C6E19CB000FC8EF /* DatabaseError.swift */ = {isa = PBXFileReference; lastKnownFileType = sourcecode.swift; path = DatabaseError.swift; sourceTree = "<group>"; };
		35BD7BE42C5A05B300BE767F /* Firebase-Chat-App.app */ = {isa = PBXFileReference; explicitFileType = wrapper.application; includeInIndex = 0; path = "Firebase-Chat-App.app"; sourceTree = BUILT_PRODUCTS_DIR; };
		35BD7BE72C5A05B300BE767F /* AppDelegate.swift */ = {isa = PBXFileReference; lastKnownFileType = sourcecode.swift; path = AppDelegate.swift; sourceTree = "<group>"; };
		35BD7BE92C5A05B300BE767F /* SceneDelegate.swift */ = {isa = PBXFileReference; lastKnownFileType = sourcecode.swift; path = SceneDelegate.swift; sourceTree = "<group>"; };
		35BD7BEB2C5A05B300BE767F /* ConversationsViewController.swift */ = {isa = PBXFileReference; lastKnownFileType = sourcecode.swift; path = ConversationsViewController.swift; sourceTree = "<group>"; };
		35BD7BEE2C5A05B300BE767F /* Base */ = {isa = PBXFileReference; lastKnownFileType = file.storyboard; name = Base; path = Base.lproj/Main.storyboard; sourceTree = "<group>"; };
		35BD7BF02C5A05B500BE767F /* Assets.xcassets */ = {isa = PBXFileReference; lastKnownFileType = folder.assetcatalog; path = Assets.xcassets; sourceTree = "<group>"; };
		35BD7BF32C5A05B500BE767F /* Base */ = {isa = PBXFileReference; lastKnownFileType = file.storyboard; name = Base; path = Base.lproj/LaunchScreen.storyboard; sourceTree = "<group>"; };
		35BD7BF52C5A05B500BE767F /* Info.plist */ = {isa = PBXFileReference; lastKnownFileType = text.plist.xml; path = Info.plist; sourceTree = "<group>"; };
		35BD7C032C5A0A9200BE767F /* LoginViewController.swift */ = {isa = PBXFileReference; lastKnownFileType = sourcecode.swift; path = LoginViewController.swift; sourceTree = "<group>"; };
		35BD7C082C5A0ABD00BE767F /* RegisterViewController.swift */ = {isa = PBXFileReference; lastKnownFileType = sourcecode.swift; path = RegisterViewController.swift; sourceTree = "<group>"; };
		35BD7C0C2C5A0AE000BE767F /* PhotoViewerViewController.swift */ = {isa = PBXFileReference; lastKnownFileType = sourcecode.swift; path = PhotoViewerViewController.swift; sourceTree = "<group>"; };
		35BD7C102C5A0AFE00BE767F /* VideoPlayerViewController.swift */ = {isa = PBXFileReference; lastKnownFileType = sourcecode.swift; path = VideoPlayerViewController.swift; sourceTree = "<group>"; };
		35BD7C142C5A0B6C00BE767F /* NewConversationViewController.swift */ = {isa = PBXFileReference; lastKnownFileType = sourcecode.swift; path = NewConversationViewController.swift; sourceTree = "<group>"; };
		35BD7C182C5A0B8600BE767F /* ProfileViewController.swift */ = {isa = PBXFileReference; lastKnownFileType = sourcecode.swift; path = ProfileViewController.swift; sourceTree = "<group>"; };
		35BD7C1A2C5A121800BE767F /* Extensions.swift */ = {isa = PBXFileReference; lastKnownFileType = sourcecode.swift; path = Extensions.swift; sourceTree = "<group>"; };
		35F438E82C60A7B400366159 /* LoginViewModel.swift */ = {isa = PBXFileReference; lastKnownFileType = sourcecode.swift; path = LoginViewModel.swift; sourceTree = "<group>"; };
		35F438EB2C60A85C00366159 /* RegisterViewModel.swift */ = {isa = PBXFileReference; lastKnownFileType = sourcecode.swift; path = RegisterViewModel.swift; sourceTree = "<group>"; };
		35F438EE2C69CD2A00366159 /* DatabaseManager.swift */ = {isa = PBXFileReference; lastKnownFileType = sourcecode.swift; path = DatabaseManager.swift; sourceTree = "<group>"; };
		35F438F02C69CFAC00366159 /* ChatAppUser.swift */ = {isa = PBXFileReference; lastKnownFileType = sourcecode.swift; path = ChatAppUser.swift; sourceTree = "<group>"; };
		35F438F22C6A711D00366159 /* Firebase-Chat-App.entitlements */ = {isa = PBXFileReference; lastKnownFileType = text.plist.entitlements; path = "Firebase-Chat-App.entitlements"; sourceTree = "<group>"; };
		35F439042C6B3C6C00366159 /* GoogleService-Info.plist */ = {isa = PBXFileReference; fileEncoding = 4; lastKnownFileType = text.plist.xml; path = "GoogleService-Info.plist"; sourceTree = "<group>"; };
		35F439072C6B8A0A00366159 /* ConversationsViewModel.swift */ = {isa = PBXFileReference; lastKnownFileType = sourcecode.swift; path = ConversationsViewModel.swift; sourceTree = "<group>"; };
		35F4390B2C6B8B0700366159 /* ChatViewController.swift */ = {isa = PBXFileReference; lastKnownFileType = sourcecode.swift; path = ChatViewController.swift; sourceTree = "<group>"; };
		35F4390D2C6C67E400366159 /* Message.swift */ = {isa = PBXFileReference; lastKnownFileType = sourcecode.swift; path = Message.swift; sourceTree = "<group>"; };
		35F439102C6C6FA300366159 /* ChatViewModel.swift */ = {isa = PBXFileReference; lastKnownFileType = sourcecode.swift; path = ChatViewModel.swift; sourceTree = "<group>"; };
		35F439122C6C77F900366159 /* StorageManager.swift */ = {isa = PBXFileReference; lastKnownFileType = sourcecode.swift; path = StorageManager.swift; sourceTree = "<group>"; };
		35F439152C6C79D900366159 /* StorageError.swift */ = {isa = PBXFileReference; lastKnownFileType = sourcecode.swift; path = StorageError.swift; sourceTree = "<group>"; };
		35F495B92C6DED5F0003A972 /* ProfileViewModel.swift */ = {isa = PBXFileReference; lastKnownFileType = sourcecode.swift; path = ProfileViewModel.swift; sourceTree = "<group>"; };
		B76EAAF520FD54A3FBC3E528 /* Pods_Firebase_Chat_App.framework */ = {isa = PBXFileReference; explicitFileType = wrapper.framework; includeInIndex = 0; path = Pods_Firebase_Chat_App.framework; sourceTree = BUILT_PRODUCTS_DIR; };
		C0589F20686E222A47F38A74 /* Pods-Firebase-Chat-App.debug.xcconfig */ = {isa = PBXFileReference; includeInIndex = 1; lastKnownFileType = text.xcconfig; name = "Pods-Firebase-Chat-App.debug.xcconfig"; path = "Target Support Files/Pods-Firebase-Chat-App/Pods-Firebase-Chat-App.debug.xcconfig"; sourceTree = "<group>"; };
		EF3C44BA6775B3A5D26A7B8B /* Pods-Firebase-Chat-App.release.xcconfig */ = {isa = PBXFileReference; includeInIndex = 1; lastKnownFileType = text.xcconfig; name = "Pods-Firebase-Chat-App.release.xcconfig"; path = "Target Support Files/Pods-Firebase-Chat-App/Pods-Firebase-Chat-App.release.xcconfig"; sourceTree = "<group>"; };
/* End PBXFileReference section */

/* Begin PBXFrameworksBuildPhase section */
		35BD7BE12C5A05B300BE767F /* Frameworks */ = {
			isa = PBXFrameworksBuildPhase;
			buildActionMask = 2147483647;
			files = (
				35F438F72C6B14F800366159 /* FacebookBasics in Frameworks */,
				35F438F52C6B14F800366159 /* FacebookAEM in Frameworks */,
				35F438FD2C6B14F800366159 /* FacebookLogin in Frameworks */,
				EB412EF796224AE93569AB8D /* Pods_Firebase_Chat_App.framework in Frameworks */,
				35F438FB2C6B14F800366159 /* FacebookGamingServices in Frameworks */,
				35F438F92C6B14F800366159 /* FacebookCore in Frameworks */,
				35F438FF2C6B14F800366159 /* FacebookShare in Frameworks */,
			);
			runOnlyForDeploymentPostprocessing = 0;
		};
/* End PBXFrameworksBuildPhase section */

/* Begin PBXGroup section */
		359C70A52C6E171D000FC8EF /* NewConversationViewModel */ = {
			isa = PBXGroup;
			children = (
				359C70A62C6E172B000FC8EF /* NewConversationViewModel.swift */,
			);
			path = NewConversationViewModel;
			sourceTree = "<group>";
		};
		35BD7BDB2C5A05B300BE767F = {
			isa = PBXGroup;
			children = (
				35BD7BE62C5A05B300BE767F /* Firebase-Chat-App */,
				35BD7BE52C5A05B300BE767F /* Products */,
				7F76929143184264631FFB7A /* Pods */,
				B659CA8D0642739883F7C789 /* Frameworks */,
			);
			sourceTree = "<group>";
		};
		35BD7BE52C5A05B300BE767F /* Products */ = {
			isa = PBXGroup;
			children = (
				35BD7BE42C5A05B300BE767F /* Firebase-Chat-App.app */,
			);
			name = Products;
			sourceTree = "<group>";
		};
		35BD7BE62C5A05B300BE767F /* Firebase-Chat-App */ = {
			isa = PBXGroup;
			children = (
				35F439142C6C79CA00366159 /* Enums */,
				35F438F22C6A711D00366159 /* Firebase-Chat-App.entitlements */,
				35F438ED2C69CD1200366159 /* Managers */,
				35BD7BFD2C5A083600BE767F /* Modules */,
				35BD7BFC2C5A082800BE767F /* Resources */,
				35BD7BFB2C5A082200BE767F /* Models */,
				35BD7BF02C5A05B500BE767F /* Assets.xcassets */,
				35BD7BF22C5A05B500BE767F /* LaunchScreen.storyboard */,
				35BD7BF52C5A05B500BE767F /* Info.plist */,
				35F439042C6B3C6C00366159 /* GoogleService-Info.plist */,
			);
			path = "Firebase-Chat-App";
			sourceTree = "<group>";
		};
		35BD7BFB2C5A082200BE767F /* Models */ = {
			isa = PBXGroup;
			children = (
				35F438F02C69CFAC00366159 /* ChatAppUser.swift */,
				35F4390D2C6C67E400366159 /* Message.swift */,
			);
			path = Models;
			sourceTree = "<group>";
		};
		35BD7BFC2C5A082800BE767F /* Resources */ = {
			isa = PBXGroup;
			children = (
				35BD7BE72C5A05B300BE767F /* AppDelegate.swift */,
				35BD7BE92C5A05B300BE767F /* SceneDelegate.swift */,
				35BD7C1A2C5A121800BE767F /* Extensions.swift */,
			);
			path = Resources;
			sourceTree = "<group>";
		};
		35BD7BFD2C5A083600BE767F /* Modules */ = {
			isa = PBXGroup;
			children = (
				35F439092C6B8AEF00366159 /* Chat */,
				35BD7C162C5A0B7600BE767F /* Profile */,
				35BD7C122C5A0B1000BE767F /* NewConversation */,
				35BD7C0E2C5A0AE400BE767F /* VideoPlayer */,
				35BD7C0A2C5A0AC200BE767F /* PhotoViewer */,
				35BD7C062C5A0AA700BE767F /* Register */,
				35BD7C012C5A0A7F00BE767F /* Login */,
				35BD7BFE2C5A085700BE767F /* Conversations */,
			);
			path = Modules;
			sourceTree = "<group>";
		};
		35BD7BFE2C5A085700BE767F /* Conversations */ = {
			isa = PBXGroup;
			children = (
				35F439062C6B89FC00366159 /* ConversationsViewModel */,
				35BD7C002C5A08B700BE767F /* ConversationsViewController */,
				35BD7BFF2C5A087E00BE767F /* ConversationsView */,
			);
			path = Conversations;
			sourceTree = "<group>";
		};
		35BD7BFF2C5A087E00BE767F /* ConversationsView */ = {
			isa = PBXGroup;
			children = (
				35BD7BED2C5A05B300BE767F /* Main.storyboard */,
			);
			path = ConversationsView;
			sourceTree = "<group>";
		};
		35BD7C002C5A08B700BE767F /* ConversationsViewController */ = {
			isa = PBXGroup;
			children = (
				35BD7BEB2C5A05B300BE767F /* ConversationsViewController.swift */,
			);
			path = ConversationsViewController;
			sourceTree = "<group>";
		};
		35BD7C012C5A0A7F00BE767F /* Login */ = {
			isa = PBXGroup;
			children = (
				35F438E72C5D73AA00366159 /* LoginViewModel */,
				35BD7C022C5A0A8300BE767F /* LoginViewController */,
			);
			path = Login;
			sourceTree = "<group>";
		};
		35BD7C022C5A0A8300BE767F /* LoginViewController */ = {
			isa = PBXGroup;
			children = (
				35BD7C032C5A0A9200BE767F /* LoginViewController.swift */,
			);
			path = LoginViewController;
			sourceTree = "<group>";
		};
		35BD7C062C5A0AA700BE767F /* Register */ = {
			isa = PBXGroup;
			children = (
				35F438EA2C60A83F00366159 /* RegisterViewModel */,
				35BD7C072C5A0AAB00BE767F /* RegisterViewController */,
			);
			path = Register;
			sourceTree = "<group>";
		};
		35BD7C072C5A0AAB00BE767F /* RegisterViewController */ = {
			isa = PBXGroup;
			children = (
				35BD7C082C5A0ABD00BE767F /* RegisterViewController.swift */,
			);
			path = RegisterViewController;
			sourceTree = "<group>";
		};
		35BD7C0A2C5A0AC200BE767F /* PhotoViewer */ = {
			isa = PBXGroup;
			children = (
				35BD7C0B2C5A0ACC00BE767F /* PhotoViewerViewController */,
			);
			path = PhotoViewer;
			sourceTree = "<group>";
		};
		35BD7C0B2C5A0ACC00BE767F /* PhotoViewerViewController */ = {
			isa = PBXGroup;
			children = (
				35BD7C0C2C5A0AE000BE767F /* PhotoViewerViewController.swift */,
			);
			path = PhotoViewerViewController;
			sourceTree = "<group>";
		};
		35BD7C0E2C5A0AE400BE767F /* VideoPlayer */ = {
			isa = PBXGroup;
			children = (
				35BD7C0F2C5A0AEE00BE767F /* VideoPlayerViewController */,
			);
			path = VideoPlayer;
			sourceTree = "<group>";
		};
		35BD7C0F2C5A0AEE00BE767F /* VideoPlayerViewController */ = {
			isa = PBXGroup;
			children = (
				35BD7C102C5A0AFE00BE767F /* VideoPlayerViewController.swift */,
			);
			path = VideoPlayerViewController;
			sourceTree = "<group>";
		};
		35BD7C122C5A0B1000BE767F /* NewConversation */ = {
			isa = PBXGroup;
			children = (
				359C70A52C6E171D000FC8EF /* NewConversationViewModel */,
				35BD7C132C5A0B5B00BE767F /* NewConversationViewController */,
			);
			path = NewConversation;
			sourceTree = "<group>";
		};
		35BD7C132C5A0B5B00BE767F /* NewConversationViewController */ = {
			isa = PBXGroup;
			children = (
				35BD7C142C5A0B6C00BE767F /* NewConversationViewController.swift */,
			);
			path = NewConversationViewController;
			sourceTree = "<group>";
		};
		35BD7C162C5A0B7600BE767F /* Profile */ = {
			isa = PBXGroup;
			children = (
				35F495B82C6DED520003A972 /* ProfileViewModel */,
				35BD7C172C5A0B7B00BE767F /* ProfileViewController */,
			);
			path = Profile;
			sourceTree = "<group>";
		};
		35BD7C172C5A0B7B00BE767F /* ProfileViewController */ = {
			isa = PBXGroup;
			children = (
				35BD7C182C5A0B8600BE767F /* ProfileViewController.swift */,
			);
			path = ProfileViewController;
			sourceTree = "<group>";
		};
		35F438E72C5D73AA00366159 /* LoginViewModel */ = {
			isa = PBXGroup;
			children = (
				35F438E82C60A7B400366159 /* LoginViewModel.swift */,
			);
			path = LoginViewModel;
			sourceTree = "<group>";
		};
		35F438EA2C60A83F00366159 /* RegisterViewModel */ = {
			isa = PBXGroup;
			children = (
				35F438EB2C60A85C00366159 /* RegisterViewModel.swift */,
			);
			path = RegisterViewModel;
			sourceTree = "<group>";
		};
		35F438ED2C69CD1200366159 /* Managers */ = {
			isa = PBXGroup;
			children = (
				35F438EE2C69CD2A00366159 /* DatabaseManager.swift */,
				35F439122C6C77F900366159 /* StorageManager.swift */,
			);
			path = Managers;
			sourceTree = "<group>";
		};
		35F439062C6B89FC00366159 /* ConversationsViewModel */ = {
			isa = PBXGroup;
			children = (
				35F439072C6B8A0A00366159 /* ConversationsViewModel.swift */,
			);
			path = ConversationsViewModel;
			sourceTree = "<group>";
		};
		35F439092C6B8AEF00366159 /* Chat */ = {
			isa = PBXGroup;
			children = (
				35F4390F2C6C6F9A00366159 /* ChatViewModel */,
				35F4390A2C6B8AF400366159 /* ChatViewController */,
			);
			path = Chat;
			sourceTree = "<group>";
		};
		35F4390A2C6B8AF400366159 /* ChatViewController */ = {
			isa = PBXGroup;
			children = (
				35F4390B2C6B8B0700366159 /* ChatViewController.swift */,
			);
			path = ChatViewController;
			sourceTree = "<group>";
		};
		35F4390F2C6C6F9A00366159 /* ChatViewModel */ = {
			isa = PBXGroup;
			children = (
				35F439102C6C6FA300366159 /* ChatViewModel.swift */,
			);
			path = ChatViewModel;
			sourceTree = "<group>";
		};
		35F439142C6C79CA00366159 /* Enums */ = {
			isa = PBXGroup;
			children = (
				35F439152C6C79D900366159 /* StorageError.swift */,
				359C70A82C6E19CB000FC8EF /* DatabaseError.swift */,
			);
			path = Enums;
			sourceTree = "<group>";
		};
		35F495B82C6DED520003A972 /* ProfileViewModel */ = {
			isa = PBXGroup;
			children = (
				35F495B92C6DED5F0003A972 /* ProfileViewModel.swift */,
			);
			path = ProfileViewModel;
			sourceTree = "<group>";
		};
		7F76929143184264631FFB7A /* Pods */ = {
			isa = PBXGroup;
			children = (
				C0589F20686E222A47F38A74 /* Pods-Firebase-Chat-App.debug.xcconfig */,
				EF3C44BA6775B3A5D26A7B8B /* Pods-Firebase-Chat-App.release.xcconfig */,
			);
			path = Pods;
			sourceTree = "<group>";
		};
		B659CA8D0642739883F7C789 /* Frameworks */ = {
			isa = PBXGroup;
			children = (
				B76EAAF520FD54A3FBC3E528 /* Pods_Firebase_Chat_App.framework */,
			);
			name = Frameworks;
			sourceTree = "<group>";
		};
/* End PBXGroup section */

/* Begin PBXNativeTarget section */
		35BD7BE32C5A05B300BE767F /* Firebase-Chat-App */ = {
			isa = PBXNativeTarget;
			buildConfigurationList = 35BD7BF82C5A05B500BE767F /* Build configuration list for PBXNativeTarget "Firebase-Chat-App" */;
			buildPhases = (
				10C28DB21039A59713A0D2BC /* [CP] Check Pods Manifest.lock */,
				35BD7BE02C5A05B300BE767F /* Sources */,
				35BD7BE12C5A05B300BE767F /* Frameworks */,
				35BD7BE22C5A05B300BE767F /* Resources */,
				05EE3966C792A91E995D9B5F /* [CP] Embed Pods Frameworks */,
			);
			buildRules = (
			);
			dependencies = (
			);
			name = "Firebase-Chat-App";
			packageProductDependencies = (
				35F438F42C6B14F800366159 /* FacebookAEM */,
				35F438F62C6B14F800366159 /* FacebookBasics */,
				35F438F82C6B14F800366159 /* FacebookCore */,
				35F438FA2C6B14F800366159 /* FacebookGamingServices */,
				35F438FC2C6B14F800366159 /* FacebookLogin */,
				35F438FE2C6B14F800366159 /* FacebookShare */,
			);
			productName = "Firebase-Chat-App";
			productReference = 35BD7BE42C5A05B300BE767F /* Firebase-Chat-App.app */;
			productType = "com.apple.product-type.application";
		};
/* End PBXNativeTarget section */

/* Begin PBXProject section */
		35BD7BDC2C5A05B300BE767F /* Project object */ = {
			isa = PBXProject;
			attributes = {
				BuildIndependentTargetsInParallel = 1;
				LastSwiftUpdateCheck = 1520;
				LastUpgradeCheck = 1520;
				TargetAttributes = {
					35BD7BE32C5A05B300BE767F = {
						CreatedOnToolsVersion = 15.2;
					};
				};
			};
			buildConfigurationList = 35BD7BDF2C5A05B300BE767F /* Build configuration list for PBXProject "Firebase-Chat-App" */;
			compatibilityVersion = "Xcode 14.0";
			developmentRegion = en;
			hasScannedForEncodings = 0;
			knownRegions = (
				en,
				Base,
			);
			mainGroup = 35BD7BDB2C5A05B300BE767F;
			packageReferences = (
				35F438F32C6B14F800366159 /* XCRemoteSwiftPackageReference "facebook-ios-sdk" */,
			);
			productRefGroup = 35BD7BE52C5A05B300BE767F /* Products */;
			projectDirPath = "";
			projectRoot = "";
			targets = (
				35BD7BE32C5A05B300BE767F /* Firebase-Chat-App */,
			);
		};
/* End PBXProject section */

/* Begin PBXResourcesBuildPhase section */
		35BD7BE22C5A05B300BE767F /* Resources */ = {
			isa = PBXResourcesBuildPhase;
			buildActionMask = 2147483647;
			files = (
				35BD7BF42C5A05B500BE767F /* LaunchScreen.storyboard in Resources */,
				35F439052C6B3C6C00366159 /* GoogleService-Info.plist in Resources */,
				35BD7BF12C5A05B500BE767F /* Assets.xcassets in Resources */,
				35BD7BEF2C5A05B300BE767F /* Main.storyboard in Resources */,
			);
			runOnlyForDeploymentPostprocessing = 0;
		};
/* End PBXResourcesBuildPhase section */

/* Begin PBXShellScriptBuildPhase section */
		05EE3966C792A91E995D9B5F /* [CP] Embed Pods Frameworks */ = {
			isa = PBXShellScriptBuildPhase;
			buildActionMask = 2147483647;
			files = (
			);
			inputFileListPaths = (
				"${PODS_ROOT}/Target Support Files/Pods-Firebase-Chat-App/Pods-Firebase-Chat-App-frameworks-${CONFIGURATION}-input-files.xcfilelist",
			);
			name = "[CP] Embed Pods Frameworks";
			outputFileListPaths = (
				"${PODS_ROOT}/Target Support Files/Pods-Firebase-Chat-App/Pods-Firebase-Chat-App-frameworks-${CONFIGURATION}-output-files.xcfilelist",
			);
			runOnlyForDeploymentPostprocessing = 0;
			shellPath = /bin/sh;
			shellScript = "\"${PODS_ROOT}/Target Support Files/Pods-Firebase-Chat-App/Pods-Firebase-Chat-App-frameworks.sh\"\n";
			showEnvVarsInLog = 0;
		};
		10C28DB21039A59713A0D2BC /* [CP] Check Pods Manifest.lock */ = {
			isa = PBXShellScriptBuildPhase;
			buildActionMask = 2147483647;
			files = (
			);
			inputFileListPaths = (
			);
			inputPaths = (
				"${PODS_PODFILE_DIR_PATH}/Podfile.lock",
				"${PODS_ROOT}/Manifest.lock",
			);
			name = "[CP] Check Pods Manifest.lock";
			outputFileListPaths = (
			);
			outputPaths = (
				"$(DERIVED_FILE_DIR)/Pods-Firebase-Chat-App-checkManifestLockResult.txt",
			);
			runOnlyForDeploymentPostprocessing = 0;
			shellPath = /bin/sh;
			shellScript = "diff \"${PODS_PODFILE_DIR_PATH}/Podfile.lock\" \"${PODS_ROOT}/Manifest.lock\" > /dev/null\nif [ $? != 0 ] ; then\n    # print error to STDERR\n    echo \"error: The sandbox is not in sync with the Podfile.lock. Run 'pod install' or update your CocoaPods installation.\" >&2\n    exit 1\nfi\n# This output is used by Xcode 'outputs' to avoid re-running this script phase.\necho \"SUCCESS\" > \"${SCRIPT_OUTPUT_FILE_0}\"\n";
			showEnvVarsInLog = 0;
		};
/* End PBXShellScriptBuildPhase section */

/* Begin PBXSourcesBuildPhase section */
		35BD7BE02C5A05B300BE767F /* Sources */ = {
			isa = PBXSourcesBuildPhase;
			buildActionMask = 2147483647;
			files = (
				35BD7C042C5A0A9200BE767F /* LoginViewController.swift in Sources */,
				35BD7C092C5A0ABD00BE767F /* RegisterViewController.swift in Sources */,
				35F4390C2C6B8B0700366159 /* ChatViewController.swift in Sources */,
				35F4390E2C6C67E400366159 /* Message.swift in Sources */,
				35F438EF2C69CD2A00366159 /* DatabaseManager.swift in Sources */,
				35F438E92C60A7B400366159 /* LoginViewModel.swift in Sources */,
				35F495BA2C6DED5F0003A972 /* ProfileViewModel.swift in Sources */,
				35BD7BEC2C5A05B300BE767F /* ConversationsViewController.swift in Sources */,
				35BD7C112C5A0AFE00BE767F /* VideoPlayerViewController.swift in Sources */,
				35F439082C6B8A0A00366159 /* ConversationsViewModel.swift in Sources */,
				35F439132C6C77F900366159 /* StorageManager.swift in Sources */,
				35BD7BE82C5A05B300BE767F /* AppDelegate.swift in Sources */,
				35BD7C1B2C5A121800BE767F /* Extensions.swift in Sources */,
				35F438EC2C60A85C00366159 /* RegisterViewModel.swift in Sources */,
				359C70A72C6E172B000FC8EF /* NewConversationViewModel.swift in Sources */,
				35BD7BEA2C5A05B300BE767F /* SceneDelegate.swift in Sources */,
				359C70A92C6E19CB000FC8EF /* DatabaseError.swift in Sources */,
				35F438F12C69CFAC00366159 /* ChatAppUser.swift in Sources */,
				35BD7C192C5A0B8600BE767F /* ProfileViewController.swift in Sources */,
				35BD7C152C5A0B6C00BE767F /* NewConversationViewController.swift in Sources */,
				35F439162C6C79D900366159 /* StorageError.swift in Sources */,
				35F439112C6C6FA300366159 /* ChatViewModel.swift in Sources */,
				35BD7C0D2C5A0AE000BE767F /* PhotoViewerViewController.swift in Sources */,
			);
			runOnlyForDeploymentPostprocessing = 0;
		};
/* End PBXSourcesBuildPhase section */

/* Begin PBXVariantGroup section */
		35BD7BED2C5A05B300BE767F /* Main.storyboard */ = {
			isa = PBXVariantGroup;
			children = (
				35BD7BEE2C5A05B300BE767F /* Base */,
			);
			name = Main.storyboard;
			sourceTree = "<group>";
		};
		35BD7BF22C5A05B500BE767F /* LaunchScreen.storyboard */ = {
			isa = PBXVariantGroup;
			children = (
				35BD7BF32C5A05B500BE767F /* Base */,
			);
			name = LaunchScreen.storyboard;
			sourceTree = "<group>";
		};
/* End PBXVariantGroup section */

/* Begin XCBuildConfiguration section */
		35BD7BF62C5A05B500BE767F /* Debug */ = {
			isa = XCBuildConfiguration;
			buildSettings = {
				ALWAYS_SEARCH_USER_PATHS = NO;
				ASSETCATALOG_COMPILER_GENERATE_SWIFT_ASSET_SYMBOL_EXTENSIONS = YES;
				CLANG_ANALYZER_NONNULL = YES;
				CLANG_ANALYZER_NUMBER_OBJECT_CONVERSION = YES_AGGRESSIVE;
				CLANG_CXX_LANGUAGE_STANDARD = "gnu++20";
				CLANG_ENABLE_MODULES = YES;
				CLANG_ENABLE_OBJC_ARC = YES;
				CLANG_ENABLE_OBJC_WEAK = YES;
				CLANG_WARN_BLOCK_CAPTURE_AUTORELEASING = YES;
				CLANG_WARN_BOOL_CONVERSION = YES;
				CLANG_WARN_COMMA = YES;
				CLANG_WARN_CONSTANT_CONVERSION = YES;
				CLANG_WARN_DEPRECATED_OBJC_IMPLEMENTATIONS = YES;
				CLANG_WARN_DIRECT_OBJC_ISA_USAGE = YES_ERROR;
				CLANG_WARN_DOCUMENTATION_COMMENTS = YES;
				CLANG_WARN_EMPTY_BODY = YES;
				CLANG_WARN_ENUM_CONVERSION = YES;
				CLANG_WARN_INFINITE_RECURSION = YES;
				CLANG_WARN_INT_CONVERSION = YES;
				CLANG_WARN_NON_LITERAL_NULL_CONVERSION = YES;
				CLANG_WARN_OBJC_IMPLICIT_RETAIN_SELF = YES;
				CLANG_WARN_OBJC_LITERAL_CONVERSION = YES;
				CLANG_WARN_OBJC_ROOT_CLASS = YES_ERROR;
				CLANG_WARN_QUOTED_INCLUDE_IN_FRAMEWORK_HEADER = YES;
				CLANG_WARN_RANGE_LOOP_ANALYSIS = YES;
				CLANG_WARN_STRICT_PROTOTYPES = YES;
				CLANG_WARN_SUSPICIOUS_MOVE = YES;
				CLANG_WARN_UNGUARDED_AVAILABILITY = YES_AGGRESSIVE;
				CLANG_WARN_UNREACHABLE_CODE = YES;
				CLANG_WARN__DUPLICATE_METHOD_MATCH = YES;
				COPY_PHASE_STRIP = NO;
				DEBUG_INFORMATION_FORMAT = dwarf;
				ENABLE_STRICT_OBJC_MSGSEND = YES;
				ENABLE_TESTABILITY = YES;
				ENABLE_USER_SCRIPT_SANDBOXING = YES;
				GCC_C_LANGUAGE_STANDARD = gnu17;
				GCC_DYNAMIC_NO_PIC = NO;
				GCC_NO_COMMON_BLOCKS = YES;
				GCC_OPTIMIZATION_LEVEL = 0;
				GCC_PREPROCESSOR_DEFINITIONS = (
					"DEBUG=1",
					"$(inherited)",
				);
				GCC_WARN_64_TO_32_BIT_CONVERSION = YES;
				GCC_WARN_ABOUT_RETURN_TYPE = YES_ERROR;
				GCC_WARN_UNDECLARED_SELECTOR = YES;
				GCC_WARN_UNINITIALIZED_AUTOS = YES_AGGRESSIVE;
				GCC_WARN_UNUSED_FUNCTION = YES;
				GCC_WARN_UNUSED_VARIABLE = YES;
				IPHONEOS_DEPLOYMENT_TARGET = 15.2;
				LOCALIZATION_PREFERS_STRING_CATALOGS = YES;
				MTL_ENABLE_DEBUG_INFO = INCLUDE_SOURCE;
				MTL_FAST_MATH = YES;
				ONLY_ACTIVE_ARCH = YES;
				SDKROOT = iphoneos;
				SWIFT_ACTIVE_COMPILATION_CONDITIONS = "DEBUG $(inherited)";
				SWIFT_OPTIMIZATION_LEVEL = "-Onone";
			};
			name = Debug;
		};
		35BD7BF72C5A05B500BE767F /* Release */ = {
			isa = XCBuildConfiguration;
			buildSettings = {
				ALWAYS_SEARCH_USER_PATHS = NO;
				ASSETCATALOG_COMPILER_GENERATE_SWIFT_ASSET_SYMBOL_EXTENSIONS = YES;
				CLANG_ANALYZER_NONNULL = YES;
				CLANG_ANALYZER_NUMBER_OBJECT_CONVERSION = YES_AGGRESSIVE;
				CLANG_CXX_LANGUAGE_STANDARD = "gnu++20";
				CLANG_ENABLE_MODULES = YES;
				CLANG_ENABLE_OBJC_ARC = YES;
				CLANG_ENABLE_OBJC_WEAK = YES;
				CLANG_WARN_BLOCK_CAPTURE_AUTORELEASING = YES;
				CLANG_WARN_BOOL_CONVERSION = YES;
				CLANG_WARN_COMMA = YES;
				CLANG_WARN_CONSTANT_CONVERSION = YES;
				CLANG_WARN_DEPRECATED_OBJC_IMPLEMENTATIONS = YES;
				CLANG_WARN_DIRECT_OBJC_ISA_USAGE = YES_ERROR;
				CLANG_WARN_DOCUMENTATION_COMMENTS = YES;
				CLANG_WARN_EMPTY_BODY = YES;
				CLANG_WARN_ENUM_CONVERSION = YES;
				CLANG_WARN_INFINITE_RECURSION = YES;
				CLANG_WARN_INT_CONVERSION = YES;
				CLANG_WARN_NON_LITERAL_NULL_CONVERSION = YES;
				CLANG_WARN_OBJC_IMPLICIT_RETAIN_SELF = YES;
				CLANG_WARN_OBJC_LITERAL_CONVERSION = YES;
				CLANG_WARN_OBJC_ROOT_CLASS = YES_ERROR;
				CLANG_WARN_QUOTED_INCLUDE_IN_FRAMEWORK_HEADER = YES;
				CLANG_WARN_RANGE_LOOP_ANALYSIS = YES;
				CLANG_WARN_STRICT_PROTOTYPES = YES;
				CLANG_WARN_SUSPICIOUS_MOVE = YES;
				CLANG_WARN_UNGUARDED_AVAILABILITY = YES_AGGRESSIVE;
				CLANG_WARN_UNREACHABLE_CODE = YES;
				CLANG_WARN__DUPLICATE_METHOD_MATCH = YES;
				COPY_PHASE_STRIP = NO;
				DEBUG_INFORMATION_FORMAT = "dwarf-with-dsym";
				ENABLE_NS_ASSERTIONS = NO;
				ENABLE_STRICT_OBJC_MSGSEND = YES;
				ENABLE_USER_SCRIPT_SANDBOXING = YES;
				GCC_C_LANGUAGE_STANDARD = gnu17;
				GCC_NO_COMMON_BLOCKS = YES;
				GCC_WARN_64_TO_32_BIT_CONVERSION = YES;
				GCC_WARN_ABOUT_RETURN_TYPE = YES_ERROR;
				GCC_WARN_UNDECLARED_SELECTOR = YES;
				GCC_WARN_UNINITIALIZED_AUTOS = YES_AGGRESSIVE;
				GCC_WARN_UNUSED_FUNCTION = YES;
				GCC_WARN_UNUSED_VARIABLE = YES;
				IPHONEOS_DEPLOYMENT_TARGET = 15.2;
				LOCALIZATION_PREFERS_STRING_CATALOGS = YES;
				MTL_ENABLE_DEBUG_INFO = NO;
				MTL_FAST_MATH = YES;
				SDKROOT = iphoneos;
				SWIFT_COMPILATION_MODE = wholemodule;
				VALIDATE_PRODUCT = YES;
			};
			name = Release;
		};
		35BD7BF92C5A05B500BE767F /* Debug */ = {
			isa = XCBuildConfiguration;
			baseConfigurationReference = C0589F20686E222A47F38A74 /* Pods-Firebase-Chat-App.debug.xcconfig */;
			buildSettings = {
				ASSETCATALOG_COMPILER_APPICON_NAME = AppIcon;
				ASSETCATALOG_COMPILER_GLOBAL_ACCENT_COLOR_NAME = AccentColor;
				CODE_SIGN_ENTITLEMENTS = "Firebase-Chat-App/Firebase-Chat-App.entitlements";
				CODE_SIGN_STYLE = Automatic;
				CURRENT_PROJECT_VERSION = 1;
				DEVELOPMENT_TEAM = RP5XZC93SV;
				ENABLE_USER_SCRIPT_SANDBOXING = NO;
				GENERATE_INFOPLIST_FILE = YES;
				INFOPLIST_FILE = "Firebase-Chat-App/Info.plist";
				INFOPLIST_KEY_NSCameraUsageDescription = "Allow access to take a profile picture";
				INFOPLIST_KEY_NSPhotoLibraryAddUsageDescription = "Allow access to select a profile picture";
				INFOPLIST_KEY_UIApplicationSupportsIndirectInputEvents = YES;
				INFOPLIST_KEY_UILaunchStoryboardName = LaunchScreen;
				INFOPLIST_KEY_UIMainStoryboardFile = Main;
				INFOPLIST_KEY_UISupportedInterfaceOrientations = UIInterfaceOrientationPortrait;
				INFOPLIST_KEY_UISupportedInterfaceOrientations_iPad = "UIInterfaceOrientationPortrait UIInterfaceOrientationPortraitUpsideDown";
				IPHONEOS_DEPLOYMENT_TARGET = 15.2;
				LD_RUNPATH_SEARCH_PATHS = (
					"$(inherited)",
					"@executable_path/Frameworks",
				);
				MARKETING_VERSION = 1.0;
				PRODUCT_BUNDLE_IDENTIFIER = "com.mehmetalicelebi.Firebase-Chat-App";
				PRODUCT_NAME = "$(TARGET_NAME)";
				SWIFT_EMIT_LOC_STRINGS = YES;
				SWIFT_VERSION = 5.0;
				TARGETED_DEVICE_FAMILY = "1,2";
			};
			name = Debug;
		};
		35BD7BFA2C5A05B500BE767F /* Release */ = {
			isa = XCBuildConfiguration;
			baseConfigurationReference = EF3C44BA6775B3A5D26A7B8B /* Pods-Firebase-Chat-App.release.xcconfig */;
			buildSettings = {
				ASSETCATALOG_COMPILER_APPICON_NAME = AppIcon;
				ASSETCATALOG_COMPILER_GLOBAL_ACCENT_COLOR_NAME = AccentColor;
				CODE_SIGN_ENTITLEMENTS = "Firebase-Chat-App/Firebase-Chat-App.entitlements";
				CODE_SIGN_STYLE = Automatic;
				CURRENT_PROJECT_VERSION = 1;
				DEVELOPMENT_TEAM = RP5XZC93SV;
				ENABLE_USER_SCRIPT_SANDBOXING = NO;
				GENERATE_INFOPLIST_FILE = YES;
				INFOPLIST_FILE = "Firebase-Chat-App/Info.plist";
				INFOPLIST_KEY_NSCameraUsageDescription = "Allow access to take a profile picture";
				INFOPLIST_KEY_NSPhotoLibraryAddUsageDescription = "Allow access to select a profile picture";
				INFOPLIST_KEY_UIApplicationSupportsIndirectInputEvents = YES;
				INFOPLIST_KEY_UILaunchStoryboardName = LaunchScreen;
				INFOPLIST_KEY_UIMainStoryboardFile = Main;
				INFOPLIST_KEY_UISupportedInterfaceOrientations = UIInterfaceOrientationPortrait;
				INFOPLIST_KEY_UISupportedInterfaceOrientations_iPad = "UIInterfaceOrientationPortrait UIInterfaceOrientationPortraitUpsideDown";
				IPHONEOS_DEPLOYMENT_TARGET = 15.2;
				LD_RUNPATH_SEARCH_PATHS = (
					"$(inherited)",
					"@executable_path/Frameworks",
				);
				MARKETING_VERSION = 1.0;
				PRODUCT_BUNDLE_IDENTIFIER = "com.mehmetalicelebi.Firebase-Chat-App";
				PRODUCT_NAME = "$(TARGET_NAME)";
				SWIFT_EMIT_LOC_STRINGS = YES;
				SWIFT_VERSION = 5.0;
				TARGETED_DEVICE_FAMILY = "1,2";
			};
			name = Release;
		};
/* End XCBuildConfiguration section */

/* Begin XCConfigurationList section */
		35BD7BDF2C5A05B300BE767F /* Build configuration list for PBXProject "Firebase-Chat-App" */ = {
			isa = XCConfigurationList;
			buildConfigurations = (
				35BD7BF62C5A05B500BE767F /* Debug */,
				35BD7BF72C5A05B500BE767F /* Release */,
			);
			defaultConfigurationIsVisible = 0;
			defaultConfigurationName = Release;
		};
		35BD7BF82C5A05B500BE767F /* Build configuration list for PBXNativeTarget "Firebase-Chat-App" */ = {
			isa = XCConfigurationList;
			buildConfigurations = (
				35BD7BF92C5A05B500BE767F /* Debug */,
				35BD7BFA2C5A05B500BE767F /* Release */,
			);
			defaultConfigurationIsVisible = 0;
			defaultConfigurationName = Release;
		};
/* End XCConfigurationList section */

/* Begin XCRemoteSwiftPackageReference section */
		35F438F32C6B14F800366159 /* XCRemoteSwiftPackageReference "facebook-ios-sdk" */ = {
			isa = XCRemoteSwiftPackageReference;
			repositoryURL = "https://github.com/facebook/facebook-ios-sdk";
			requirement = {
				kind = upToNextMajorVersion;
				minimumVersion = 14.1.0;
			};
		};
/* End XCRemoteSwiftPackageReference section */

/* Begin XCSwiftPackageProductDependency section */
		35F438F42C6B14F800366159 /* FacebookAEM */ = {
			isa = XCSwiftPackageProductDependency;
			package = 35F438F32C6B14F800366159 /* XCRemoteSwiftPackageReference "facebook-ios-sdk" */;
			productName = FacebookAEM;
		};
		35F438F62C6B14F800366159 /* FacebookBasics */ = {
			isa = XCSwiftPackageProductDependency;
			package = 35F438F32C6B14F800366159 /* XCRemoteSwiftPackageReference "facebook-ios-sdk" */;
			productName = FacebookBasics;
		};
		35F438F82C6B14F800366159 /* FacebookCore */ = {
			isa = XCSwiftPackageProductDependency;
			package = 35F438F32C6B14F800366159 /* XCRemoteSwiftPackageReference "facebook-ios-sdk" */;
			productName = FacebookCore;
		};
		35F438FA2C6B14F800366159 /* FacebookGamingServices */ = {
			isa = XCSwiftPackageProductDependency;
			package = 35F438F32C6B14F800366159 /* XCRemoteSwiftPackageReference "facebook-ios-sdk" */;
			productName = FacebookGamingServices;
		};
		35F438FC2C6B14F800366159 /* FacebookLogin */ = {
			isa = XCSwiftPackageProductDependency;
			package = 35F438F32C6B14F800366159 /* XCRemoteSwiftPackageReference "facebook-ios-sdk" */;
			productName = FacebookLogin;
		};
		35F438FE2C6B14F800366159 /* FacebookShare */ = {
			isa = XCSwiftPackageProductDependency;
			package = 35F438F32C6B14F800366159 /* XCRemoteSwiftPackageReference "facebook-ios-sdk" */;
			productName = FacebookShare;
		};
/* End XCSwiftPackageProductDependency section */
	};
	rootObject = 35BD7BDC2C5A05B300BE767F /* Project object */;
}
